
Microsoft Visual Studio Solution File, Format Version 12.00
# Visual Studio Version 17
VisualStudioVersion = 17.14.36705.20
MinimumVisualStudioVersion = 10.0.40219.1
Project("{FAE04EC0-301F-11D3-BF4B-00C04F79EFBC}") = "Tyuiu.ChuginNM.Sprint5.Task0.V14", "Tyuiu.ChuginNM.Sprint5.Task0.V14\Tyuiu.ChuginNM.Sprint5.Task0.V14.csproj", "{8B1B50B3-1B25-4521-827E-BA89C5665500}"
EndProject
Project("{2150E333-8FDC-42A3-9474-1A3956D46DE8}") = "Task0", "Task0", "{36D591C7-65C7-A0D1-1CBC-10CDE441BDC8}"
EndProject
Project("{FAE04EC0-301F-11D3-BF4B-00C04F79EFBC}") = "Tyuiu.ChuginNM.Sprint5.Task0.V14.Lib", "Tyuiu.ChuginNM.Sprint5.Task0.V14.Lib\Tyuiu.ChuginNM.Sprint5.Task0.V14.Lib.csproj", "{CB049D05-5200-46D7-BC3C-3F9B53820DD1}"
EndProject
Project("{FAE04EC0-301F-11D3-BF4B-00C04F79EFBC}") = "Tyuiu.ChuginNM.Sprint5.Task0.V14.Test", "Tyuiu.ChuginNM.Sprint5.Task0.V14.Test\Tyuiu.ChuginNM.Sprint5.Task0.V14.Test.csproj", "{3F984973-107B-428B-9EBA-9AD06ECB61A2}"
EndProject
Project("{FAE04EC0-301F-11D3-BF4B-00C04F79EFBC}") = "TestProject", "TestProject\TestProject.csproj", "{8ACE99EA-584F-4316-919D-B962B26BE55B}"
EndProject
Project("{2150E333-8FDC-42A3-9474-1A3956D46DE8}") = "Test", "Test", "{0524D281-FB06-4833-976B-5C8361E9227E}"
EndProject
Project("{2150E333-8FDC-42A3-9474-1A3956D46DE8}") = "Task1", "Task1", "{9B17D18C-C159-41AB-ACD3-0725E5857412}"
EndProject
Project("{2150E333-8FDC-42A3-9474-1A3956D46DE8}") = "Task2", "Task2", "{56D59582-3159-4085-8309-328A2EBE5235}"
EndProject
Project("{2150E333-8FDC-42A3-9474-1A3956D46DE8}") = "Task3", "Task3", "{671F540C-4F7D-49CE-A7D3-CE27F63A7338}"
EndProject
Project("{FAE04EC0-301F-11D3-BF4B-00C04F79EFBC}") = "Tyuiu.ChuginNM.Sprint5.Task1.V28", "Tyuiu.ChuginNM.Sprint5.Task1.V28\Tyuiu.ChuginNM.Sprint5.Task1.V28.csproj", "{71513C43-E3DE-467B-B5AF-B2548836FEDB}"
EndProject
Project("{FAE04EC0-301F-11D3-BF4B-00C04F79EFBC}") = "Tyuiu.ChuginNM.Sprint5.Task1.V28.Lib", "Tyuiu.ChuginNM.Sprint5.Task1.V28.Lib\Tyuiu.ChuginNM.Sprint5.Task1.V28.Lib.csproj", "{2B74534D-B6A9-45B8-9D3D-5B4F3ECB1D3B}"
EndProject
Project("{FAE04EC0-301F-11D3-BF4B-00C04F79EFBC}") = "Tyuiu.ChuginNM.Sprint5.Task1.V28.Test", "Tyuiu.ChuginNM.Sprint5.Task1.V28.Test\Tyuiu.ChuginNM.Sprint5.Task1.V28.Test.csproj", "{247F19D7-0051-4B57-95FB-33195B0EE764}"
EndProject
Project("{FAE04EC0-301F-11D3-BF4B-00C04F79EFBC}") = "Tyuiu.ChuginNM.Sprint5.Task2.V7", "Tyuiu.ChuginNM.Sprint5.Task2.V7\Tyuiu.ChuginNM.Sprint5.Task2.V7.csproj", "{B39A1D88-6DE4-4F83-9992-2C845C5D8778}"
EndProject
Project("{FAE04EC0-301F-11D3-BF4B-00C04F79EFBC}") = "Tyuiu.ChuginNM.Sprint5.Task2.V7.Lib", "Tyuiu.ChuginNM.Sprint5.Task2.V7.Lib\Tyuiu.ChuginNM.Sprint5.Task2.V7.Lib.csproj", "{29FD55AA-E1BD-403B-846D-3AD2F115651C}"
EndProject
Project("{FAE04EC0-301F-11D3-BF4B-00C04F79EFBC}") = "Tyuiu.ChuginNM.Sprint5.Task2.V7.Test", "Tyuiu.ChuginNM.Sprint5.Task2.V7.Test\Tyuiu.ChuginNM.Sprint5.Task2.V7.Test.csproj", "{6B54DFDA-08B6-4955-A684-1CB585C14A31}"
EndProject
Project("{FAE04EC0-301F-11D3-BF4B-00C04F79EFBC}") = "Tyuiu.ChuginNM.Sprint5.Task3.V30", "Tyuiu.ChuginNM.Sprint5.Task3.V30\Tyuiu.ChuginNM.Sprint5.Task3.V30.csproj", "{424EC653-00C6-4D7E-867D-2F48DF774815}"
EndProject
Project("{FAE04EC0-301F-11D3-BF4B-00C04F79EFBC}") = "Tyuiu.ChuginNM.Sprint5.Task3.V30.Lib", "Tyuiu.ChuginNM.Sprint5.Task3.V30.Lib\Tyuiu.ChuginNM.Sprint5.Task3.V30.Lib.csproj", "{BCB30318-7348-4E26-A0A8-5E908FC2D037}"
EndProject
Project("{FAE04EC0-301F-11D3-BF4B-00C04F79EFBC}") = "Tyuiu.ChuginNM.Sprint5.Task3.V30.Test", "Tyuiu.ChuginNM.Sprint5.Task3.V30.Test\Tyuiu.ChuginNM.Sprint5.Task3.V30.Test.csproj", "{C7CF3DAF-E78E-419A-94FC-6C6FD8915EB6}"
EndProject
Global
	GlobalSection(SolutionConfigurationPlatforms) = preSolution
		Debug|Any CPU = Debug|Any CPU
		Release|Any CPU = Release|Any CPU
	EndGlobalSection
	GlobalSection(ProjectConfigurationPlatforms) = postSolution
		{8B1B50B3-1B25-4521-827E-BA89C5665500}.Debug|Any CPU.ActiveCfg = Debug|Any CPU
		{8B1B50B3-1B25-4521-827E-BA89C5665500}.Debug|Any CPU.Build.0 = Debug|Any CPU
		{8B1B50B3-1B25-4521-827E-BA89C5665500}.Release|Any CPU.ActiveCfg = Release|Any CPU
		{8B1B50B3-1B25-4521-827E-BA89C5665500}.Release|Any CPU.Build.0 = Release|Any CPU
		{CB049D05-5200-46D7-BC3C-3F9B53820DD1}.Debug|Any CPU.ActiveCfg = Debug|Any CPU
		{CB049D05-5200-46D7-BC3C-3F9B53820DD1}.Debug|Any CPU.Build.0 = Debug|Any CPU
		{CB049D05-5200-46D7-BC3C-3F9B53820DD1}.Release|Any CPU.ActiveCfg = Release|Any CPU
		{CB049D05-5200-46D7-BC3C-3F9B53820DD1}.Release|Any CPU.Build.0 = Release|Any CPU
		{3F984973-107B-428B-9EBA-9AD06ECB61A2}.Debug|Any CPU.ActiveCfg = Debug|Any CPU
		{3F984973-107B-428B-9EBA-9AD06ECB61A2}.Debug|Any CPU.Build.0 = Debug|Any CPU
		{3F984973-107B-428B-9EBA-9AD06ECB61A2}.Release|Any CPU.ActiveCfg = Release|Any CPU
		{3F984973-107B-428B-9EBA-9AD06ECB61A2}.Release|Any CPU.Build.0 = Release|Any CPU
		{8ACE99EA-584F-4316-919D-B962B26BE55B}.Debug|Any CPU.ActiveCfg = Debug|Any CPU
		{8ACE99EA-584F-4316-919D-B962B26BE55B}.Debug|Any CPU.Build.0 = Debug|Any CPU
		{8ACE99EA-584F-4316-919D-B962B26BE55B}.Release|Any CPU.ActiveCfg = Release|Any CPU
		{8ACE99EA-584F-4316-919D-B962B26BE55B}.Release|Any CPU.Build.0 = Release|Any CPU
		{71513C43-E3DE-467B-B5AF-B2548836FEDB}.Debug|Any CPU.ActiveCfg = Debug|Any CPU
		{71513C43-E3DE-467B-B5AF-B2548836FEDB}.Debug|Any CPU.Build.0 = Debug|Any CPU
		{71513C43-E3DE-467B-B5AF-B2548836FEDB}.Release|Any CPU.ActiveCfg = Release|Any CPU
		{71513C43-E3DE-467B-B5AF-B2548836FEDB}.Release|Any CPU.Build.0 = Release|Any CPU
		{2B74534D-B6A9-45B8-9D3D-5B4F3ECB1D3B}.Debug|Any CPU.ActiveCfg = Debug|Any CPU
		{2B74534D-B6A9-45B8-9D3D-5B4F3ECB1D3B}.Debug|Any CPU.Build.0 = Debug|Any CPU
		{2B74534D-B6A9-45B8-9D3D-5B4F3ECB1D3B}.Release|Any CPU.ActiveCfg = Release|Any CPU
		{2B74534D-B6A9-45B8-9D3D-5B4F3ECB1D3B}.Release|Any CPU.Build.0 = Release|Any CPU
		{247F19D7-0051-4B57-95FB-33195B0EE764}.Debug|Any CPU.ActiveCfg = Debug|Any CPU
		{247F19D7-0051-4B57-95FB-33195B0EE764}.Debug|Any CPU.Build.0 = Debug|Any CPU
		{247F19D7-0051-4B57-95FB-33195B0EE764}.Release|Any CPU.ActiveCfg = Release|Any CPU
		{247F19D7-0051-4B57-95FB-33195B0EE764}.Release|Any CPU.Build.0 = Release|Any CPU
		{B39A1D88-6DE4-4F83-9992-2C845C5D8778}.Debug|Any CPU.ActiveCfg = Debug|Any CPU
		{B39A1D88-6DE4-4F83-9992-2C845C5D8778}.Debug|Any CPU.Build.0 = Debug|Any CPU
		{B39A1D88-6DE4-4F83-9992-2C845C5D8778}.Release|Any CPU.ActiveCfg = Release|Any CPU
		{B39A1D88-6DE4-4F83-9992-2C845C5D8778}.Release|Any CPU.Build.0 = Release|Any CPU
		{29FD55AA-E1BD-403B-846D-3AD2F115651C}.Debug|Any CPU.ActiveCfg = Debug|Any CPU
		{29FD55AA-E1BD-403B-846D-3AD2F115651C}.Debug|Any CPU.Build.0 = Debug|Any CPU
		{29FD55AA-E1BD-403B-846D-3AD2F115651C}.Release|Any CPU.ActiveCfg = Release|Any CPU
		{29FD55AA-E1BD-403B-846D-3AD2F115651C}.Release|Any CPU.Build.0 = Release|Any CPU
		{6B54DFDA-08B6-4955-A684-1CB585C14A31}.Debug|Any CPU.ActiveCfg = Debug|Any CPU
		{6B54DFDA-08B6-4955-A684-1CB585C14A31}.Debug|Any CPU.Build.0 = Debug|Any CPU
		{6B54DFDA-08B6-4955-A684-1CB585C14A31}.Release|Any CPU.ActiveCfg = Release|Any CPU
		{6B54DFDA-08B6-4955-A684-1CB585C14A31}.Release|Any CPU.Build.0 = Release|Any CPU
		{424EC653-00C6-4D7E-867D-2F48DF774815}.Debug|Any CPU.ActiveCfg = Debug|Any CPU
		{424EC653-00C6-4D7E-867D-2F48DF774815}.Debug|Any CPU.Build.0 = Debug|Any CPU
		{424EC653-00C6-4D7E-867D-2F48DF774815}.Release|Any CPU.ActiveCfg = Release|Any CPU
		{424EC653-00C6-4D7E-867D-2F48DF774815}.Release|Any CPU.Build.0 = Release|Any CPU
		{BCB30318-7348-4E26-A0A8-5E908FC2D037}.Debug|Any CPU.ActiveCfg = Debug|Any CPU
		{BCB30318-7348-4E26-A0A8-5E908FC2D037}.Debug|Any CPU.Build.0 = Debug|Any CPU
		{BCB30318-7348-4E26-A0A8-5E908FC2D037}.Release|Any CPU.ActiveCfg = Release|Any CPU
		{BCB30318-7348-4E26-A0A8-5E908FC2D037}.Release|Any CPU.Build.0 = Release|Any CPU
		{C7CF3DAF-E78E-419A-94FC-6C6FD8915EB6}.Debug|Any CPU.ActiveCfg = Debug|Any CPU
		{C7CF3DAF-E78E-419A-94FC-6C6FD8915EB6}.Debug|Any CPU.Build.0 = Debug|Any CPU
		{C7CF3DAF-E78E-419A-94FC-6C6FD8915EB6}.Release|Any CPU.ActiveCfg = Release|Any CPU
		{C7CF3DAF-E78E-419A-94FC-6C6FD8915EB6}.Release|Any CPU.Build.0 = Release|Any CPU
	EndGlobalSection
	GlobalSection(SolutionProperties) = preSolution
		HideSolutionNode = FALSE
	EndGlobalSection
	GlobalSection(NestedProjects) = preSolution
		{8B1B50B3-1B25-4521-827E-BA89C5665500} = {36D591C7-65C7-A0D1-1CBC-10CDE441BDC8}
		{CB049D05-5200-46D7-BC3C-3F9B53820DD1} = {36D591C7-65C7-A0D1-1CBC-10CDE441BDC8}
		{3F984973-107B-428B-9EBA-9AD06ECB61A2} = {36D591C7-65C7-A0D1-1CBC-10CDE441BDC8}
		{8ACE99EA-584F-4316-919D-B962B26BE55B} = {0524D281-FB06-4833-976B-5C8361E9227E}
		{71513C43-E3DE-467B-B5AF-B2548836FEDB} = {9B17D18C-C159-41AB-ACD3-0725E5857412}
		{2B74534D-B6A9-45B8-9D3D-5B4F3ECB1D3B} = {9B17D18C-C159-41AB-ACD3-0725E5857412}
		{247F19D7-0051-4B57-95FB-33195B0EE764} = {9B17D18C-C159-41AB-ACD3-0725E5857412}
		{B39A1D88-6DE4-4F83-9992-2C845C5D8778} = {56D59582-3159-4085-8309-328A2EBE5235}
		{29FD55AA-E1BD-403B-846D-3AD2F115651C} = {56D59582-3159-4085-8309-328A2EBE5235}
		{6B54DFDA-08B6-4955-A684-1CB585C14A31} = {56D59582-3159-4085-8309-328A2EBE5235}
		{424EC653-00C6-4D7E-867D-2F48DF774815} = {671F540C-4F7D-49CE-A7D3-CE27F63A7338}
		{BCB30318-7348-4E26-A0A8-5E908FC2D037} = {671F540C-4F7D-49CE-A7D3-CE27F63A7338}
		{C7CF3DAF-E78E-419A-94FC-6C6FD8915EB6} = {671F540C-4F7D-49CE-A7D3-CE27F63A7338}
	EndGlobalSection
	GlobalSection(ExtensibilityGlobals) = postSolution
		SolutionGuid = {1DDB50C5-FDB4-47C7-AA6A-480F019DD465}
	EndGlobalSection
EndGlobal
